
Microsoft Visual Studio Solution File, Format Version 12.00
# Visual Studio Version 16
VisualStudioVersion = 16.0.28803.202
MinimumVisualStudioVersion = 10.0.40219.1
Project("{FAE04EC0-301F-11D3-BF4B-00C04F79EFBC}") = "PracticheskayaRabota14", "PracticheskayaRabota14.csproj", "{34531A46-72C2-473A-8CE9-64124F65227B}"
EndProject
Global
	GlobalSection(SolutionConfigurationPlatforms) = preSolution
		Debug|Any CPU = Debug|Any CPU
		Release|Any CPU = Release|Any CPU
	EndGlobalSection
	GlobalSection(ProjectConfigurationPlatforms) = postSolution
		{34531A46-72C2-473A-8CE9-64124F65227B}.Debug|Any CPU.ActiveCfg = Debug|Any CPU
		{34531A46-72C2-473A-8CE9-64124F65227B}.Debug|Any CPU.Build.0 = Debug|Any CPU
		{34531A46-72C2-473A-8CE9-64124F65227B}.Release|Any CPU.ActiveCfg = Release|Any CPU
		{34531A46-72C2-473A-8CE9-64124F65227B}.Release|Any CPU.Build.0 = Release|Any CPU
	EndGlobalSection
	GlobalSection(SolutionProperties) = preSolution
		HideSolutionNode = FALSE
	EndGlobalSection
	GlobalSection(ExtensibilityGlobals) = postSolution
		SolutionGuid = {37A8BB3F-FEA4-4AAA-B56C-F93533E6E24D}
	EndGlobalSection
EndGlobal
